
Microsoft Visual Studio Solution File, Format Version 12.00
# Visual Studio 14
VisualStudioVersion = 14.0.24720.0
MinimumVisualStudioVersion = 10.0.40219.1
Project("{FAE04EC0-301F-11D3-BF4B-00C04F79EFBC}") = "Kangaroo", "Kangaroo.csproj", "{5EF2142F-3308-4AFB-B2C2-BAA267800B06}"
EndProject
Project("{FAE04EC0-301F-11D3-BF4B-00C04F79EFBC}") = "Divisible Sum Pairs", "..\ConsoleApplication1\Divisible Sum Pairs.csproj", "{A8D5E409-362E-4611-88AB-BA5224F9B5E0}"
EndProject
Project("{FAE04EC0-301F-11D3-BF4B-00C04F79EFBC}") = "Chaos", "Chaos\Chaos.csproj", "{B76EEB77-EEA7-441D-BDC5-DDAE56C93068}"
EndProject
Global
	GlobalSection(SolutionConfigurationPlatforms) = preSolution
		Debug|Any CPU = Debug|Any CPU
		Release|Any CPU = Release|Any CPU
	EndGlobalSection
	GlobalSection(ProjectConfigurationPlatforms) = postSolution
		{5EF2142F-3308-4AFB-B2C2-BAA267800B06}.Debug|Any CPU.ActiveCfg = Debug|Any CPU
		{5EF2142F-3308-4AFB-B2C2-BAA267800B06}.Debug|Any CPU.Build.0 = Debug|Any CPU
		{5EF2142F-3308-4AFB-B2C2-BAA267800B06}.Release|Any CPU.ActiveCfg = Release|Any CPU
		{5EF2142F-3308-4AFB-B2C2-BAA267800B06}.Release|Any CPU.Build.0 = Release|Any CPU
		{A8D5E409-362E-4611-88AB-BA5224F9B5E0}.Debug|Any CPU.ActiveCfg = Debug|Any CPU
		{A8D5E409-362E-4611-88AB-BA5224F9B5E0}.Debug|Any CPU.Build.0 = Debug|Any CPU
		{A8D5E409-362E-4611-88AB-BA5224F9B5E0}.Release|Any CPU.ActiveCfg = Release|Any CPU
		{A8D5E409-362E-4611-88AB-BA5224F9B5E0}.Release|Any CPU.Build.0 = Release|Any CPU
		{B76EEB77-EEA7-441D-BDC5-DDAE56C93068}.Debug|Any CPU.ActiveCfg = Debug|Any CPU
		{B76EEB77-EEA7-441D-BDC5-DDAE56C93068}.Debug|Any CPU.Build.0 = Debug|Any CPU
		{B76EEB77-EEA7-441D-BDC5-DDAE56C93068}.Release|Any CPU.ActiveCfg = Release|Any CPU
		{B76EEB77-EEA7-441D-BDC5-DDAE56C93068}.Release|Any CPU.Build.0 = Release|Any CPU
	EndGlobalSection
	GlobalSection(SolutionProperties) = preSolution
		HideSolutionNode = FALSE
	EndGlobalSection
EndGlobal
